
Microsoft Visual Studio Solution File, Format Version 12.00
# Visual Studio Version 17
VisualStudioVersion = 17.11.35327.3
MinimumVisualStudioVersion = 10.0.40219.1
Project("{FAE04EC0-301F-11D3-BF4B-00C04F79EFBC}") = "OnlineJobs", "OnlineJobs\OnlineJobs.csproj", "{81656630-4458-42F7-B405-F67A0D21FC49}"
EndProject
Global
	GlobalSection(SolutionConfigurationPlatforms) = preSolution
		Debug|Any CPU = Debug|Any CPU
		Release|Any CPU = Release|Any CPU
	EndGlobalSection
	GlobalSection(ProjectConfigurationPlatforms) = postSolution
		{81656630-4458-42F7-B405-F67A0D21FC49}.Debug|Any CPU.ActiveCfg = Debug|Any CPU
		{81656630-4458-42F7-B405-F67A0D21FC49}.Debug|Any CPU.Build.0 = Debug|Any CPU
		{81656630-4458-42F7-B405-F67A0D21FC49}.Release|Any CPU.ActiveCfg = Release|Any CPU
		{81656630-4458-42F7-B405-F67A0D21FC49}.Release|Any CPU.Build.0 = Release|Any CPU
	EndGlobalSection
	GlobalSection(SolutionProperties) = preSolution
		HideSolutionNode = FALSE
	EndGlobalSection
	GlobalSection(ExtensibilityGlobals) = postSolution
		SolutionGuid = {B5F676F5-902B-4D6F-8343-43F14E041FE8}
	EndGlobalSection
EndGlobal
